
Microsoft Visual Studio Solution File, Format Version 12.00
# Visual Studio Version 17
VisualStudioVersion = 17.0.31903.59
MinimumVisualStudioVersion = 10.0.40219.1
Project("{2150E333-8FDC-42A3-9474-1A3956D46DE8}") = "src", "src", "{B4C68BC1-722B-4069-9E4D-7E7FB04FA20A}"
EndProject
Project("{2150E333-8FDC-42A3-9474-1A3956D46DE8}") = "tests", "tests", "{CE774A12-53F2-4F94-ADFA-96E36863AED4}"
EndProject
Project("{FAE04EC0-301F-11D3-BF4B-00C04F79EFBC}") = "Parser", "src\Parser\Parser.csproj", "{0C874EB2-3165-4809-B2A1-1FEE6054F005}"
EndProject
Project("{FAE04EC0-301F-11D3-BF4B-00C04F79EFBC}") = "Parser.UnitTests", "tests\Parser.UnitTests\Parser.UnitTests.csproj", "{CAA09A5F-5D60-4821-A30B-61ABB96CEFF9}"
EndProject
Project("{FAE04EC0-301F-11D3-BF4B-00C04F79EFBC}") = "Lexer.UnitTests", "tests\Lexer.UnitTests\Lexer.UnitTests.csproj", "{ABDB285F-A4BB-4DB7-AA35-21AC527D0984}"
EndProject
Project("{FAE04EC0-301F-11D3-BF4B-00C04F79EFBC}") = "Lexer", "src\Lexer\Lexer.csproj", "{825F26C7-F357-47CA-B5A9-D51D05FD2803}"
EndProject
Project("{FAE04EC0-301F-11D3-BF4B-00C04F79EFBC}") = "Interpreter", "src\Interpreter\Interpreter.csproj", "{27A043E2-D22B-409E-8BF8-5A58EC9A7B99}"
EndProject
Project("{FAE04EC0-301F-11D3-BF4B-00C04F79EFBC}") = "Execution", "src\Execution\Execution.csproj", "{71616CE8-808F-4517-82A1-6BF192EAAF09}"
EndProject
Project("{FAE04EC0-301F-11D3-BF4B-00C04F79EFBC}") = "Interpreter.Specs", "tests\Interpreter.Specs\Interpreter.Specs.csproj", "{53763EF8-5539-4BBF-9B75-3BF696475B80}"
EndProject
Global
	GlobalSection(SolutionConfigurationPlatforms) = preSolution
		Debug|Any CPU = Debug|Any CPU
		Debug|x64 = Debug|x64
		Debug|x86 = Debug|x86
		Release|Any CPU = Release|Any CPU
		Release|x64 = Release|x64
		Release|x86 = Release|x86
	EndGlobalSection
	GlobalSection(ProjectConfigurationPlatforms) = postSolution
		{0C874EB2-3165-4809-B2A1-1FEE6054F005}.Debug|Any CPU.ActiveCfg = Debug|Any CPU
		{0C874EB2-3165-4809-B2A1-1FEE6054F005}.Debug|Any CPU.Build.0 = Debug|Any CPU
		{0C874EB2-3165-4809-B2A1-1FEE6054F005}.Debug|x64.ActiveCfg = Debug|Any CPU
		{0C874EB2-3165-4809-B2A1-1FEE6054F005}.Debug|x64.Build.0 = Debug|Any CPU
		{0C874EB2-3165-4809-B2A1-1FEE6054F005}.Debug|x86.ActiveCfg = Debug|Any CPU
		{0C874EB2-3165-4809-B2A1-1FEE6054F005}.Debug|x86.Build.0 = Debug|Any CPU
		{0C874EB2-3165-4809-B2A1-1FEE6054F005}.Release|Any CPU.ActiveCfg = Release|Any CPU
		{0C874EB2-3165-4809-B2A1-1FEE6054F005}.Release|Any CPU.Build.0 = Release|Any CPU
		{0C874EB2-3165-4809-B2A1-1FEE6054F005}.Release|x64.ActiveCfg = Release|Any CPU
		{0C874EB2-3165-4809-B2A1-1FEE6054F005}.Release|x64.Build.0 = Release|Any CPU
		{0C874EB2-3165-4809-B2A1-1FEE6054F005}.Release|x86.ActiveCfg = Release|Any CPU
		{0C874EB2-3165-4809-B2A1-1FEE6054F005}.Release|x86.Build.0 = Release|Any CPU
		{CAA09A5F-5D60-4821-A30B-61ABB96CEFF9}.Debug|Any CPU.ActiveCfg = Debug|Any CPU
		{CAA09A5F-5D60-4821-A30B-61ABB96CEFF9}.Debug|Any CPU.Build.0 = Debug|Any CPU
		{CAA09A5F-5D60-4821-A30B-61ABB96CEFF9}.Debug|x64.ActiveCfg = Debug|Any CPU
		{CAA09A5F-5D60-4821-A30B-61ABB96CEFF9}.Debug|x64.Build.0 = Debug|Any CPU
		{CAA09A5F-5D60-4821-A30B-61ABB96CEFF9}.Debug|x86.ActiveCfg = Debug|Any CPU
		{CAA09A5F-5D60-4821-A30B-61ABB96CEFF9}.Debug|x86.Build.0 = Debug|Any CPU
		{CAA09A5F-5D60-4821-A30B-61ABB96CEFF9}.Release|Any CPU.ActiveCfg = Release|Any CPU
		{CAA09A5F-5D60-4821-A30B-61ABB96CEFF9}.Release|Any CPU.Build.0 = Release|Any CPU
		{CAA09A5F-5D60-4821-A30B-61ABB96CEFF9}.Release|x64.ActiveCfg = Release|Any CPU
		{CAA09A5F-5D60-4821-A30B-61ABB96CEFF9}.Release|x64.Build.0 = Release|Any CPU
		{CAA09A5F-5D60-4821-A30B-61ABB96CEFF9}.Release|x86.ActiveCfg = Release|Any CPU
		{CAA09A5F-5D60-4821-A30B-61ABB96CEFF9}.Release|x86.Build.0 = Release|Any CPU
		{ABDB285F-A4BB-4DB7-AA35-21AC527D0984}.Debug|Any CPU.ActiveCfg = Debug|Any CPU
		{ABDB285F-A4BB-4DB7-AA35-21AC527D0984}.Debug|Any CPU.Build.0 = Debug|Any CPU
		{ABDB285F-A4BB-4DB7-AA35-21AC527D0984}.Debug|x64.ActiveCfg = Debug|Any CPU
		{ABDB285F-A4BB-4DB7-AA35-21AC527D0984}.Debug|x64.Build.0 = Debug|Any CPU
		{ABDB285F-A4BB-4DB7-AA35-21AC527D0984}.Debug|x86.ActiveCfg = Debug|Any CPU
		{ABDB285F-A4BB-4DB7-AA35-21AC527D0984}.Debug|x86.Build.0 = Debug|Any CPU
		{ABDB285F-A4BB-4DB7-AA35-21AC527D0984}.Release|Any CPU.ActiveCfg = Release|Any CPU
		{ABDB285F-A4BB-4DB7-AA35-21AC527D0984}.Release|Any CPU.Build.0 = Release|Any CPU
		{ABDB285F-A4BB-4DB7-AA35-21AC527D0984}.Release|x64.ActiveCfg = Release|Any CPU
		{ABDB285F-A4BB-4DB7-AA35-21AC527D0984}.Release|x64.Build.0 = Release|Any CPU
		{ABDB285F-A4BB-4DB7-AA35-21AC527D0984}.Release|x86.ActiveCfg = Release|Any CPU
		{ABDB285F-A4BB-4DB7-AA35-21AC527D0984}.Release|x86.Build.0 = Release|Any CPU
		{825F26C7-F357-47CA-B5A9-D51D05FD2803}.Debug|Any CPU.ActiveCfg = Debug|Any CPU
		{825F26C7-F357-47CA-B5A9-D51D05FD2803}.Debug|Any CPU.Build.0 = Debug|Any CPU
		{825F26C7-F357-47CA-B5A9-D51D05FD2803}.Debug|x64.ActiveCfg = Debug|Any CPU
		{825F26C7-F357-47CA-B5A9-D51D05FD2803}.Debug|x64.Build.0 = Debug|Any CPU
		{825F26C7-F357-47CA-B5A9-D51D05FD2803}.Debug|x86.ActiveCfg = Debug|Any CPU
		{825F26C7-F357-47CA-B5A9-D51D05FD2803}.Debug|x86.Build.0 = Debug|Any CPU
		{825F26C7-F357-47CA-B5A9-D51D05FD2803}.Release|Any CPU.ActiveCfg = Release|Any CPU
		{825F26C7-F357-47CA-B5A9-D51D05FD2803}.Release|Any CPU.Build.0 = Release|Any CPU
		{825F26C7-F357-47CA-B5A9-D51D05FD2803}.Release|x64.ActiveCfg = Release|Any CPU
		{825F26C7-F357-47CA-B5A9-D51D05FD2803}.Release|x64.Build.0 = Release|Any CPU
		{825F26C7-F357-47CA-B5A9-D51D05FD2803}.Release|x86.ActiveCfg = Release|Any CPU
		{825F26C7-F357-47CA-B5A9-D51D05FD2803}.Release|x86.Build.0 = Release|Any CPU
		{27A043E2-D22B-409E-8BF8-5A58EC9A7B99}.Debug|Any CPU.ActiveCfg = Debug|Any CPU
		{27A043E2-D22B-409E-8BF8-5A58EC9A7B99}.Debug|Any CPU.Build.0 = Debug|Any CPU
		{27A043E2-D22B-409E-8BF8-5A58EC9A7B99}.Debug|x64.ActiveCfg = Debug|Any CPU
		{27A043E2-D22B-409E-8BF8-5A58EC9A7B99}.Debug|x64.Build.0 = Debug|Any CPU
		{27A043E2-D22B-409E-8BF8-5A58EC9A7B99}.Debug|x86.ActiveCfg = Debug|Any CPU
		{27A043E2-D22B-409E-8BF8-5A58EC9A7B99}.Debug|x86.Build.0 = Debug|Any CPU
		{27A043E2-D22B-409E-8BF8-5A58EC9A7B99}.Release|Any CPU.ActiveCfg = Release|Any CPU
		{27A043E2-D22B-409E-8BF8-5A58EC9A7B99}.Release|Any CPU.Build.0 = Release|Any CPU
		{27A043E2-D22B-409E-8BF8-5A58EC9A7B99}.Release|x64.ActiveCfg = Release|Any CPU
		{27A043E2-D22B-409E-8BF8-5A58EC9A7B99}.Release|x64.Build.0 = Release|Any CPU
		{27A043E2-D22B-409E-8BF8-5A58EC9A7B99}.Release|x86.ActiveCfg = Release|Any CPU
		{27A043E2-D22B-409E-8BF8-5A58EC9A7B99}.Release|x86.Build.0 = Release|Any CPU
		{71616CE8-808F-4517-82A1-6BF192EAAF09}.Debug|Any CPU.ActiveCfg = Debug|Any CPU
		{71616CE8-808F-4517-82A1-6BF192EAAF09}.Debug|Any CPU.Build.0 = Debug|Any CPU
		{71616CE8-808F-4517-82A1-6BF192EAAF09}.Debug|x64.ActiveCfg = Debug|Any CPU
		{71616CE8-808F-4517-82A1-6BF192EAAF09}.Debug|x64.Build.0 = Debug|Any CPU
		{71616CE8-808F-4517-82A1-6BF192EAAF09}.Debug|x86.ActiveCfg = Debug|Any CPU
		{71616CE8-808F-4517-82A1-6BF192EAAF09}.Debug|x86.Build.0 = Debug|Any CPU
		{71616CE8-808F-4517-82A1-6BF192EAAF09}.Release|Any CPU.ActiveCfg = Release|Any CPU
		{71616CE8-808F-4517-82A1-6BF192EAAF09}.Release|Any CPU.Build.0 = Release|Any CPU
		{71616CE8-808F-4517-82A1-6BF192EAAF09}.Release|x64.ActiveCfg = Release|Any CPU
		{71616CE8-808F-4517-82A1-6BF192EAAF09}.Release|x64.Build.0 = Release|Any CPU
		{71616CE8-808F-4517-82A1-6BF192EAAF09}.Release|x86.ActiveCfg = Release|Any CPU
		{71616CE8-808F-4517-82A1-6BF192EAAF09}.Release|x86.Build.0 = Release|Any CPU
		{53763EF8-5539-4BBF-9B75-3BF696475B80}.Debug|Any CPU.ActiveCfg = Debug|Any CPU
		{53763EF8-5539-4BBF-9B75-3BF696475B80}.Debug|Any CPU.Build.0 = Debug|Any CPU
		{53763EF8-5539-4BBF-9B75-3BF696475B80}.Debug|x64.ActiveCfg = Debug|Any CPU
		{53763EF8-5539-4BBF-9B75-3BF696475B80}.Debug|x64.Build.0 = Debug|Any CPU
		{53763EF8-5539-4BBF-9B75-3BF696475B80}.Debug|x86.ActiveCfg = Debug|Any CPU
		{53763EF8-5539-4BBF-9B75-3BF696475B80}.Debug|x86.Build.0 = Debug|Any CPU
		{53763EF8-5539-4BBF-9B75-3BF696475B80}.Release|Any CPU.ActiveCfg = Release|Any CPU
		{53763EF8-5539-4BBF-9B75-3BF696475B80}.Release|Any CPU.Build.0 = Release|Any CPU
		{53763EF8-5539-4BBF-9B75-3BF696475B80}.Release|x64.ActiveCfg = Release|Any CPU
		{53763EF8-5539-4BBF-9B75-3BF696475B80}.Release|x64.Build.0 = Release|Any CPU
		{53763EF8-5539-4BBF-9B75-3BF696475B80}.Release|x86.ActiveCfg = Release|Any CPU
		{53763EF8-5539-4BBF-9B75-3BF696475B80}.Release|x86.Build.0 = Release|Any CPU
	EndGlobalSection
	GlobalSection(SolutionProperties) = preSolution
		HideSolutionNode = FALSE
	EndGlobalSection
	GlobalSection(NestedProjects) = preSolution
		{0C874EB2-3165-4809-B2A1-1FEE6054F005} = {B4C68BC1-722B-4069-9E4D-7E7FB04FA20A}
		{CAA09A5F-5D60-4821-A30B-61ABB96CEFF9} = {CE774A12-53F2-4F94-ADFA-96E36863AED4}
		{ABDB285F-A4BB-4DB7-AA35-21AC527D0984} = {CE774A12-53F2-4F94-ADFA-96E36863AED4}
		{825F26C7-F357-47CA-B5A9-D51D05FD2803} = {B4C68BC1-722B-4069-9E4D-7E7FB04FA20A}
		{27A043E2-D22B-409E-8BF8-5A58EC9A7B99} = {B4C68BC1-722B-4069-9E4D-7E7FB04FA20A}
		{71616CE8-808F-4517-82A1-6BF192EAAF09} = {B4C68BC1-722B-4069-9E4D-7E7FB04FA20A}
		{53763EF8-5539-4BBF-9B75-3BF696475B80} = {CE774A12-53F2-4F94-ADFA-96E36863AED4}
	EndGlobalSection
EndGlobal
